
Microsoft Visual Studio Solution File, Format Version 12.00
# Visual Studio Version 16
VisualStudioVersion = 16.0.35425.106
MinimumVisualStudioVersion = 10.0.40219.1
Project("{F184B08F-C81C-45F6-A57F-5ABD9991F28F}") = "VenteExpress", "VenteExpress\VenteExpress.vbproj", "{0B912D17-14B8-4008-82A9-01D2DCAC7226}"
EndProject
Global
	GlobalSection(SolutionConfigurationPlatforms) = preSolution
		Debug|Any CPU = Debug|Any CPU
		Release|Any CPU = Release|Any CPU
	EndGlobalSection
	GlobalSection(ProjectConfigurationPlatforms) = postSolution
		{0B912D17-14B8-4008-82A9-01D2DCAC7226}.Debug|Any CPU.ActiveCfg = Debug|Any CPU
		{0B912D17-14B8-4008-82A9-01D2DCAC7226}.Debug|Any CPU.Build.0 = Debug|Any CPU
		{0B912D17-14B8-4008-82A9-01D2DCAC7226}.Release|Any CPU.ActiveCfg = Release|Any CPU
		{0B912D17-14B8-4008-82A9-01D2DCAC7226}.Release|Any CPU.Build.0 = Release|Any CPU
	EndGlobalSection
	GlobalSection(SolutionProperties) = preSolution
		HideSolutionNode = FALSE
	EndGlobalSection
	GlobalSection(ExtensibilityGlobals) = postSolution
		SolutionGuid = {51ABA26C-7BC3-4886-B895-E821D48A2903}
	EndGlobalSection
EndGlobal
